
Microsoft Visual Studio Solution File, Format Version 12.00
# Visual Studio Version 17
VisualStudioVersion = 17.11.35303.130
MinimumVisualStudioVersion = 10.0.40219.1
Project("{FAE04EC0-301F-11D3-BF4B-00C04F79EFBC}") = "AdventureWorks.Image.Upload", "AdventureWorks.Image.Upload\AdventureWorks.Image.Upload.csproj", "{8949E575-12FD-40F4-B972-004DAAFF4723}"
EndProject
Global
	GlobalSection(SolutionConfigurationPlatforms) = preSolution
		Debug|Any CPU = Debug|Any CPU
		Release|Any CPU = Release|Any CPU
	EndGlobalSection
	GlobalSection(ProjectConfigurationPlatforms) = postSolution
		{8949E575-12FD-40F4-B972-004DAAFF4723}.Debug|Any CPU.ActiveCfg = Debug|Any CPU
		{8949E575-12FD-40F4-B972-004DAAFF4723}.Debug|Any CPU.Build.0 = Debug|Any CPU
		{8949E575-12FD-40F4-B972-004DAAFF4723}.Release|Any CPU.ActiveCfg = Release|Any CPU
		{8949E575-12FD-40F4-B972-004DAAFF4723}.Release|Any CPU.Build.0 = Release|Any CPU
	EndGlobalSection
	GlobalSection(SolutionProperties) = preSolution
		HideSolutionNode = FALSE
	EndGlobalSection
	GlobalSection(ExtensibilityGlobals) = postSolution
		SolutionGuid = {2551768B-AE29-49E6-9908-B42E09561260}
	EndGlobalSection
EndGlobal
